
Microsoft Visual Studio Solution File, Format Version 12.00
# Visual Studio 15
VisualStudioVersion = 15.0.28307.106
MinimumVisualStudioVersion = 10.0.40219.1
Project("{FAE04EC0-301F-11D3-BF4B-00C04F79EFBC}") = "CrudTeste", "CrudTeste\CrudTeste.csproj", "{2FF78EFA-45E7-42CB-8724-5F36FF5F526E}"
EndProject
Global
	GlobalSection(SolutionConfigurationPlatforms) = preSolution
		Debug|Any CPU = Debug|Any CPU
		Release|Any CPU = Release|Any CPU
	EndGlobalSection
	GlobalSection(ProjectConfigurationPlatforms) = postSolution
		{2FF78EFA-45E7-42CB-8724-5F36FF5F526E}.Debug|Any CPU.ActiveCfg = Debug|Any CPU
		{2FF78EFA-45E7-42CB-8724-5F36FF5F526E}.Debug|Any CPU.Build.0 = Debug|Any CPU
		{2FF78EFA-45E7-42CB-8724-5F36FF5F526E}.Release|Any CPU.ActiveCfg = Release|Any CPU
		{2FF78EFA-45E7-42CB-8724-5F36FF5F526E}.Release|Any CPU.Build.0 = Release|Any CPU
	EndGlobalSection
	GlobalSection(SolutionProperties) = preSolution
		HideSolutionNode = FALSE
	EndGlobalSection
	GlobalSection(ExtensibilityGlobals) = postSolution
		SolutionGuid = {6F315C4B-B6EF-408C-BA79-B5B23A2739C2}
	EndGlobalSection
EndGlobal
